
Microsoft Visual Studio Solution File, Format Version 12.00
# Visual Studio 2013
VisualStudioVersion = 12.0.21005.1
MinimumVisualStudioVersion = 10.0.40219.1
Project("{8BC9CEB8-8B4A-11D0-8D11-00A0C91BC942}") = "Plugin", "Plugin\Plugin.vcxproj", "{A598E5E1-41EC-4F6C-B936-C2939E2EC9C8}"
EndProject
Project("{8BC9CEB8-8B4A-11D0-8D11-00A0C91BC942}") = "test_plugin", "test_plugin\test_plugin.vcxproj", "{E25B83A8-1D58-4384-9587-6A65DA4EDDCF}"
EndProject
Project("{8BC9CEB8-8B4A-11D0-8D11-00A0C91BC942}") = "run", "run\run.vcxproj", "{BD4C3C27-3CA7-4E82-B33D-95E106568D7E}"
	ProjectSection(ProjectDependencies) = postProject
		{E25B83A8-1D58-4384-9587-6A65DA4EDDCF} = {E25B83A8-1D58-4384-9587-6A65DA4EDDCF}
	EndProjectSection
EndProject
Global
	GlobalSection(SolutionConfigurationPlatforms) = preSolution
		Debug|Win32 = Debug|Win32
		Release|Win32 = Release|Win32
	EndGlobalSection
	GlobalSection(ProjectConfigurationPlatforms) = postSolution
		{A598E5E1-41EC-4F6C-B936-C2939E2EC9C8}.Debug|Win32.ActiveCfg = Debug|Win32
		{A598E5E1-41EC-4F6C-B936-C2939E2EC9C8}.Debug|Win32.Build.0 = Debug|Win32
		{A598E5E1-41EC-4F6C-B936-C2939E2EC9C8}.Release|Win32.ActiveCfg = Release|Win32
		{A598E5E1-41EC-4F6C-B936-C2939E2EC9C8}.Release|Win32.Build.0 = Release|Win32
		{E25B83A8-1D58-4384-9587-6A65DA4EDDCF}.Debug|Win32.ActiveCfg = Debug|Win32
		{E25B83A8-1D58-4384-9587-6A65DA4EDDCF}.Debug|Win32.Build.0 = Debug|Win32
		{E25B83A8-1D58-4384-9587-6A65DA4EDDCF}.Release|Win32.ActiveCfg = Release|Win32
		{E25B83A8-1D58-4384-9587-6A65DA4EDDCF}.Release|Win32.Build.0 = Release|Win32
		{BD4C3C27-3CA7-4E82-B33D-95E106568D7E}.Debug|Win32.ActiveCfg = Debug|Win32
		{BD4C3C27-3CA7-4E82-B33D-95E106568D7E}.Debug|Win32.Build.0 = Debug|Win32
		{BD4C3C27-3CA7-4E82-B33D-95E106568D7E}.Release|Win32.ActiveCfg = Release|Win32
		{BD4C3C27-3CA7-4E82-B33D-95E106568D7E}.Release|Win32.Build.0 = Release|Win32
	EndGlobalSection
	GlobalSection(SolutionProperties) = preSolution
		HideSolutionNode = FALSE
	EndGlobalSection
EndGlobal
